{
  "name": "terraform_template",
  "version": "1.0.0",
  "lockfileVersion": 3,
  "requires": true,
  "packages": {
    "": {
      "name": "terraform_template",
      "version": "1.0.0",
      "license": "ISC",
      "dependencies": {
        "is-port-reachable": "^4.0.0"
      },
      "devDependencies": {
        "yaml": "^2.4.2"
      }
    },
    "node_modules/is-port-reachable": {
      "version": "4.0.0",
      "resolved": "https://registry.npmjs.org/is-port-reachable/-/is-port-reachable-4.0.0.tgz",
      "integrity": "sha512-9UoipoxYmSk6Xy7QFgRv2HDyaysmgSG75TFQs6S+3pDM7ZhKTF/bskZV+0UlABHzKjNVhPjYCLfeZUEg1wXxig==",
      "engines": {
        "node": "^12.20.0 || ^14.13.1 || >=16.0.0"
      },
      "funding": {
        "url": "https://github.com/sponsors/sindresorhus"
      }
    },
    "node_modules/yaml": {
      "version": "2.4.2",
      "resolved": "https://registry.npmjs.org/yaml/-/yaml-2.4.2.tgz",
      "integrity": "sha512-B3VqDZ+JAg1nZpaEmWtTXUlBneoGx6CPM9b0TENK6aoSu5t73dItudwdgmi6tHlIZZId4dZ9skcAQ2UbcyAeVA==",
      "dev": true,
      "bin": {
        "yaml": "bin.mjs"
      },
      "engines": {
        "node": ">= 14"
      }
    }
  }
}
