{
  "name": "ftptest",
  "version": "1.0.0",
  "lockfileVersion": 2,
  "requires": true,
  "packages": {
    "": {
      "name": "ftptest",
      "version": "1.0.0",
      "license": "ISC",
      "dependencies": {
        "dotenv": "^16.4.5",
        "is-port-reachable": "^3.0.0"
      }
    },
    "node_modules/dotenv": {
      "version": "16.4.5",
      "resolved": "https://registry.npmjs.org/dotenv/-/dotenv-16.4.5.tgz",
      "integrity": "sha512-ZmdL2rui+eB2YwhsWzjInR8LldtZHGDoQ1ugH85ppHKwpUHL7j7rN0Ti9NCnGiQbhaZ11FpR+7ao1dNsmduNUg==",
      "engines": {
        "node": ">=12"
      },
      "funding": {
        "url": "https://dotenvx.com"
      }
    },
    "node_modules/is-port-reachable": {
      "version": "3.1.0",
      "resolved": "https://registry.npmjs.org/is-port-reachable/-/is-port-reachable-3.1.0.tgz",
      "integrity": "sha512-vjc0SSRNZ32s9SbZBzGaiP6YVB+xglLShhgZD/FHMZUXBvQWaV9CtzgeVhjccFJrI6RAMV+LX7NYxueW/A8W5A==",
      "engines": {
        "node": ">=8"
      }
    }
  },
  "dependencies": {
    "dotenv": {
      "version": "16.4.5",
      "resolved": "https://registry.npmjs.org/dotenv/-/dotenv-16.4.5.tgz",
      "integrity": "sha512-ZmdL2rui+eB2YwhsWzjInR8LldtZHGDoQ1ugH85ppHKwpUHL7j7rN0Ti9NCnGiQbhaZ11FpR+7ao1dNsmduNUg=="
    },
    "is-port-reachable": {
      "version": "3.1.0",
      "resolved": "https://registry.npmjs.org/is-port-reachable/-/is-port-reachable-3.1.0.tgz",
      "integrity": "sha512-vjc0SSRNZ32s9SbZBzGaiP6YVB+xglLShhgZD/FHMZUXBvQWaV9CtzgeVhjccFJrI6RAMV+LX7NYxueW/A8W5A=="
    }
  }
}
