{
  "name": "ftptest",
  "version": "1.0.0",
  "lockfileVersion": 2,
  "requires": true,
  "packages": {
    "": {
      "name": "ftptest",
      "version": "1.0.0",
      "license": "ISC",
      "dependencies": {
        "is-port-reachable": "^3.0.0"
      }
    },
    "node_modules/is-port-reachable": {
      "version": "3.1.0",
      "resolved": "https://registry.npmjs.org/is-port-reachable/-/is-port-reachable-3.1.0.tgz",
      "integrity": "sha512-vjc0SSRNZ32s9SbZBzGaiP6YVB+xglLShhgZD/FHMZUXBvQWaV9CtzgeVhjccFJrI6RAMV+LX7NYxueW/A8W5A==",
      "engines": {
        "node": ">=8"
      }
    }
  },
  "dependencies": {
    "is-port-reachable": {
      "version": "3.1.0",
      "resolved": "https://registry.npmjs.org/is-port-reachable/-/is-port-reachable-3.1.0.tgz",
      "integrity": "sha512-vjc0SSRNZ32s9SbZBzGaiP6YVB+xglLShhgZD/FHMZUXBvQWaV9CtzgeVhjccFJrI6RAMV+LX7NYxueW/A8W5A=="
    }
  }
}
